
Microsoft Visual Studio Solution File, Format Version 12.00
# Visual Studio 14
VisualStudioVersion = 14.0.25123.0
MinimumVisualStudioVersion = 10.0.40219.1
Project("{2150E333-8FDC-42A3-9474-1A3956D46DE8}") = "Build Automation", "Build Automation", "{B2801331-FF43-4CEE-815D-1107C2221267}"
	ProjectSection(SolutionItems) = preProject
		..\build.fsx = ..\build.fsx
		..\paket.dependencies = ..\paket.dependencies
	EndProjectSection
EndProject
Project("{FAE04EC0-301F-11D3-BF4B-00C04F79EFBC}") = "TikaOnDotNet.Tests", "TikaOnDotNet.Tests\TikaOnDotNet.Tests.csproj", "{B9777E8D-0C7F-4370-9835-0DC8C4A5C3A8}"
EndProject
Project("{FAE04EC0-301F-11D3-BF4B-00C04F79EFBC}") = "TikaOnDotnet.TextExtraction", "TikaOnDotnet.TextExtractor\TikaOnDotnet.TextExtraction.csproj", "{4C55E602-1C6C-4396-A118-70BA9A93FD97}"
EndProject
Global
	GlobalSection(SolutionConfigurationPlatforms) = preSolution
		Debug|Any CPU = Debug|Any CPU
		Release|Any CPU = Release|Any CPU
	EndGlobalSection
	GlobalSection(ProjectConfigurationPlatforms) = postSolution
		{B9777E8D-0C7F-4370-9835-0DC8C4A5C3A8}.Debug|Any CPU.ActiveCfg = Debug|Any CPU
		{B9777E8D-0C7F-4370-9835-0DC8C4A5C3A8}.Debug|Any CPU.Build.0 = Debug|Any CPU
		{B9777E8D-0C7F-4370-9835-0DC8C4A5C3A8}.Release|Any CPU.ActiveCfg = Release|Any CPU
		{B9777E8D-0C7F-4370-9835-0DC8C4A5C3A8}.Release|Any CPU.Build.0 = Release|Any CPU
		{4C55E602-1C6C-4396-A118-70BA9A93FD97}.Debug|Any CPU.ActiveCfg = Debug|Any CPU
		{4C55E602-1C6C-4396-A118-70BA9A93FD97}.Debug|Any CPU.Build.0 = Debug|Any CPU
		{4C55E602-1C6C-4396-A118-70BA9A93FD97}.Release|Any CPU.ActiveCfg = Release|Any CPU
		{4C55E602-1C6C-4396-A118-70BA9A93FD97}.Release|Any CPU.Build.0 = Release|Any CPU
	EndGlobalSection
	GlobalSection(SolutionProperties) = preSolution
		HideSolutionNode = FALSE
	EndGlobalSection
EndGlobal
